{
  "name": "tein",
  "version": "1.0.0",
  "lockfileVersion": 1,
  "requires": true,
  "dependencies": {
    "ansi-align": {
      "version": "2.0.0",
      "resolved": "https://repo.krproject.org/nexus/repository/npm-public/ansi-align/-/ansi-align-2.0.0.tgz",
      "integrity": "sha1-w2rsy6VjuJzrVW82kPCx2eNUf38=",
      "requires": {
        "string-width": "^2.0.0"
      }
    },
    "ansi-regex": {
      "version": "2.1.1",
      "resolved": "https://repo.krproject.org/nexus/repository/npm-public/ansi-regex/-/ansi-regex-2.1.1.tgz",
      "integrity": "sha1-w7M6te42DYbg5ijwRorn7yfWVN8="
    },
    "ansi-styles": {
      "version": "3.2.1",
      "resolved": "https://repo.krproject.org/nexus/repository/npm-public/ansi-styles/-/ansi-styles-3.2.1.tgz",
      "integrity": "sha1-QfuyAkPlCxK+DwS43tvwdSDOhB0=",
      "requires": {
        "color-convert": "^1.9.0"
      }
    },
    "axios": {
      "version": "0.18.0",
      "resolved": "https://repo.krproject.org/nexus/repository/npm-public/axios/-/axios-0.18.0.tgz",
      "integrity": "sha1-MtU+SFHv3AoRmTts0AB4nXDAUQI=",
      "requires": {
        "follow-redirects": "^1.3.0",
        "is-buffer": "^1.1.5"
      }
    },
    "boxen": {
      "version": "1.3.0",
      "resolved": "https://repo.krproject.org/nexus/repository/npm-public/boxen/-/boxen-1.3.0.tgz",
      "integrity": "sha1-VcbDmouljZxhrSLNh3Uy3rZlogs=",
      "requires": {
        "ansi-align": "^2.0.0",
        "camelcase": "^4.0.0",
        "chalk": "^2.0.1",
        "cli-boxes": "^1.0.0",
        "string-width": "^2.0.0",
        "term-size": "^1.2.0",
        "widest-line": "^2.0.0"
      }
    },
    "camelcase": {
      "version": "4.1.0",
      "resolved": "https://repo.krproject.org/nexus/repository/npm-public/camelcase/-/camelcase-4.1.0.tgz",
      "integrity": "sha1-1UVjW+HjPFQmScaRc+Xeas+uNN0="
    },
    "capture-stack-trace": {
      "version": "1.0.1",
      "resolved": "https://repo.krproject.org/nexus/repository/npm-public/capture-stack-trace/-/capture-stack-trace-1.0.1.tgz",
      "integrity": "sha1-psC74fOPOqC5Ijjstv9Cw0TUE10="
    },
    "chalk": {
      "version": "2.4.2",
      "resolved": "https://repo.krproject.org/nexus/repository/npm-public/chalk/-/chalk-2.4.2.tgz",
      "integrity": "sha1-zUJUFnelQzPPVBpJEIwUMrRMlCQ=",
      "requires": {
        "ansi-styles": "^3.2.1",
        "escape-string-regexp": "^1.0.5",
        "supports-color": "^5.3.0"
      }
    },
    "ci-info": {
      "version": "1.6.0",
      "resolved": "https://repo.krproject.org/nexus/repository/npm-public/ci-info/-/ci-info-1.6.0.tgz",
      "integrity": "sha1-LKINu5zrMtRSSmgzAzE/AwSx5Jc="
    },
    "cli-boxes": {
      "version": "1.0.0",
      "resolved": "https://repo.krproject.org/nexus/repository/npm-public/cli-boxes/-/cli-boxes-1.0.0.tgz",
      "integrity": "sha1-T6kXw+WclKAEzWH47lCdplFocUM="
    },
    "cli-color": {
      "version": "1.4.0",
      "resolved": "https://repo.krproject.org/nexus/repository/npm-public/cli-color/-/cli-color-1.4.0.tgz",
      "integrity": "sha1-fRBzj0hSaCT4/n2lGFfLD1cv4B8=",
      "requires": {
        "ansi-regex": "^2.1.1",
        "d": "1",
        "es5-ext": "^0.10.46",
        "es6-iterator": "^2.0.3",
        "memoizee": "^0.4.14",
        "timers-ext": "^0.1.5"
      }
    },
    "color-convert": {
      "version": "1.9.3",
      "resolved": "https://repo.krproject.org/nexus/repository/npm-public/color-convert/-/color-convert-1.9.3.tgz",
      "integrity": "sha1-u3GFBpDh8TZWfeYp0tVHHe2kweg=",
      "requires": {
        "color-name": "1.1.3"
      }
    },
    "color-name": {
      "version": "1.1.3",
      "resolved": "https://repo.krproject.org/nexus/repository/npm-public/color-name/-/color-name-1.1.3.tgz",
      "integrity": "sha1-p9BVi9icQveV3UIyj3QIMcpTvCU="
    },
    "configstore": {
      "version": "3.1.2",
      "resolved": "https://repo.krproject.org/nexus/repository/npm-public/configstore/-/configstore-3.1.2.tgz",
      "integrity": "sha1-xvJd767vJt8S3TNBSwAf6BpUP48=",
      "requires": {
        "dot-prop": "^4.1.0",
        "graceful-fs": "^4.1.2",
        "make-dir": "^1.0.0",
        "unique-string": "^1.0.0",
        "write-file-atomic": "^2.0.0",
        "xdg-basedir": "^3.0.0"
      }
    },
    "create-error-class": {
      "version": "3.0.2",
      "resolved": "https://repo.krproject.org/nexus/repository/npm-public/create-error-class/-/create-error-class-3.0.2.tgz",
      "integrity": "sha1-Br56vvlHo/FKMP1hBnHUAbyot7Y=",
      "requires": {
        "capture-stack-trace": "^1.0.0"
      }
    },
    "cross-spawn": {
      "version": "5.1.0",
      "resolved": "https://repo.krproject.org/nexus/repository/npm-public/cross-spawn/-/cross-spawn-5.1.0.tgz",
      "integrity": "sha1-6L0O/uWPz/b4+UUQoKVUu/ojVEk=",
      "requires": {
        "lru-cache": "^4.0.1",
        "shebang-command": "^1.2.0",
        "which": "^1.2.9"
      }
    },
    "crypto-random-string": {
      "version": "1.0.0",
      "resolved": "https://repo.krproject.org/nexus/repository/npm-public/crypto-random-string/-/crypto-random-string-1.0.0.tgz",
      "integrity": "sha1-ojD2T1aDEOFJgAmUB5DsmVRbyn4="
    },
    "d": {
      "version": "1.0.0",
      "resolved": "https://repo.krproject.org/nexus/repository/npm-public/d/-/d-1.0.0.tgz",
      "integrity": "sha1-dUu1v+VUUdpppYuU1F9MWwRi1Y8=",
      "requires": {
        "es5-ext": "^0.10.9"
      }
    },
    "debug": {
      "version": "3.1.0",
      "resolved": "https://repo.krproject.org/nexus/repository/npm-public/debug/-/debug-3.1.0.tgz",
      "integrity": "sha1-W7WgZyYotkFJVmuhaBnmFRjGcmE=",
      "requires": {
        "ms": "2.0.0"
      }
    },
    "deep-extend": {
      "version": "0.6.0",
      "resolved": "https://repo.krproject.org/nexus/repository/npm-public/deep-extend/-/deep-extend-0.6.0.tgz",
      "integrity": "sha1-xPp8lUBKF6nD6Mp+FTcxK3NjMKw="
    },
    "dot-prop": {
      "version": "4.2.0",
      "resolved": "https://repo.krproject.org/nexus/repository/npm-public/dot-prop/-/dot-prop-4.2.0.tgz",
      "integrity": "sha1-HxngwuGqDjJ5fEl5nyg3rGr2nFc=",
      "requires": {
        "is-obj": "^1.0.0"
      }
    },
    "duplexer3": {
      "version": "0.1.4",
      "resolved": "https://repo.krproject.org/nexus/repository/npm-public/duplexer3/-/duplexer3-0.1.4.tgz",
      "integrity": "sha1-7gHdHKwO08vH/b6jfcCo8c4ALOI="
    },
    "es5-ext": {
      "version": "0.10.46",
      "resolved": "https://repo.krproject.org/nexus/repository/npm-public/es5-ext/-/es5-ext-0.10.46.tgz",
      "integrity": "sha1-79mfZ8Wn7Hibqj2qf3mHA4j39XI=",
      "requires": {
        "es6-iterator": "~2.0.3",
        "es6-symbol": "~3.1.1",
        "next-tick": "1"
      }
    },
    "es6-iterator": {
      "version": "2.0.3",
      "resolved": "https://repo.krproject.org/nexus/repository/npm-public/es6-iterator/-/es6-iterator-2.0.3.tgz",
      "integrity": "sha1-p96IkUGgWpSwhUQDstCg+/qY87c=",
      "requires": {
        "d": "1",
        "es5-ext": "^0.10.35",
        "es6-symbol": "^3.1.1"
      }
    },
    "es6-symbol": {
      "version": "3.1.1",
      "resolved": "https://repo.krproject.org/nexus/repository/npm-public/es6-symbol/-/es6-symbol-3.1.1.tgz",
      "integrity": "sha1-vwDvT9q2uhtG7Le2KbTH7VcVzHc=",
      "requires": {
        "d": "1",
        "es5-ext": "~0.10.14"
      }
    },
    "es6-weak-map": {
      "version": "2.0.2",
      "resolved": "https://repo.krproject.org/nexus/repository/npm-public/es6-weak-map/-/es6-weak-map-2.0.2.tgz",
      "integrity": "sha1-XjqzIlH/0VOKH45f+hNXdy+S2W8=",
      "requires": {
        "d": "1",
        "es5-ext": "^0.10.14",
        "es6-iterator": "^2.0.1",
        "es6-symbol": "^3.1.1"
      }
    },
    "escape-string-regexp": {
      "version": "1.0.5",
      "resolved": "https://repo.krproject.org/nexus/repository/npm-public/escape-string-regexp/-/escape-string-regexp-1.0.5.tgz",
      "integrity": "sha1-G2HAViGQqN/2rjuyzwIAyhMLhtQ="
    },
    "event-emitter": {
      "version": "0.3.5",
      "resolved": "https://repo.krproject.org/nexus/repository/npm-public/event-emitter/-/event-emitter-0.3.5.tgz",
      "integrity": "sha1-34xp7vFkeSPHFXuc6DhAYQsCzDk=",
      "requires": {
        "d": "1",
        "es5-ext": "~0.10.14"
      }
    },
    "execa": {
      "version": "0.7.0",
      "resolved": "https://repo.krproject.org/nexus/repository/npm-public/execa/-/execa-0.7.0.tgz",
      "integrity": "sha1-lEvs00zEHuMqY6n68nrVpl/Fl3c=",
      "requires": {
        "cross-spawn": "^5.0.1",
        "get-stream": "^3.0.0",
        "is-stream": "^1.1.0",
        "npm-run-path": "^2.0.0",
        "p-finally": "^1.0.0",
        "signal-exit": "^3.0.0",
        "strip-eof": "^1.0.0"
      }
    },
    "follow-redirects": {
      "version": "1.6.1",
      "resolved": "https://repo.krproject.org/nexus/repository/npm-public/follow-redirects/-/follow-redirects-1.6.1.tgz",
      "integrity": "sha1-UUlzxEtXVzaLrYvd/lL4HwFclMs=",
      "requires": {
        "debug": "=3.1.0"
      }
    },
    "get-stream": {
      "version": "3.0.0",
      "resolved": "https://repo.krproject.org/nexus/repository/npm-public/get-stream/-/get-stream-3.0.0.tgz",
      "integrity": "sha1-jpQ9E1jcN1VQVOy+LtsFqhdO3hQ="
    },
    "global-dirs": {
      "version": "0.1.1",
      "resolved": "https://repo.krproject.org/nexus/repository/npm-public/global-dirs/-/global-dirs-0.1.1.tgz",
      "integrity": "sha1-sxnA3UYH81PzvpzKTHL8FIxJ9EU=",
      "requires": {
        "ini": "^1.3.4"
      }
    },
    "got": {
      "version": "6.7.1",
      "resolved": "https://repo.krproject.org/nexus/repository/npm-public/got/-/got-6.7.1.tgz",
      "integrity": "sha1-JAzQV4WpoY5WHcG0S0HHY+8ejbA=",
      "requires": {
        "create-error-class": "^3.0.0",
        "duplexer3": "^0.1.4",
        "get-stream": "^3.0.0",
        "is-redirect": "^1.0.0",
        "is-retry-allowed": "^1.0.0",
        "is-stream": "^1.0.0",
        "lowercase-keys": "^1.0.0",
        "safe-buffer": "^5.0.1",
        "timed-out": "^4.0.0",
        "unzip-response": "^2.0.1",
        "url-parse-lax": "^1.0.0"
      }
    },
    "graceful-fs": {
      "version": "4.1.15",
      "resolved": "https://repo.krproject.org/nexus/repository/npm-public/graceful-fs/-/graceful-fs-4.1.15.tgz",
      "integrity": "sha1-/7cD4QZuig7qpMi4C6klPu77+wA="
    },
    "has-flag": {
      "version": "3.0.0",
      "resolved": "https://repo.krproject.org/nexus/repository/npm-public/has-flag/-/has-flag-3.0.0.tgz",
      "integrity": "sha1-tdRU3CGZriJWmfNGfloH87lVuv0="
    },
    "import-lazy": {
      "version": "2.1.0",
      "resolved": "https://repo.krproject.org/nexus/repository/npm-public/import-lazy/-/import-lazy-2.1.0.tgz",
      "integrity": "sha1-BWmOPUXIjo1+nZLLBYTnfwlvPkM="
    },
    "imurmurhash": {
      "version": "0.1.4",
      "resolved": "https://repo.krproject.org/nexus/repository/npm-public/imurmurhash/-/imurmurhash-0.1.4.tgz",
      "integrity": "sha1-khi5srkoojixPcT7a21XbyMUU+o="
    },
    "ini": {
      "version": "1.3.5",
      "resolved": "https://repo.krproject.org/nexus/repository/npm-public/ini/-/ini-1.3.5.tgz",
      "integrity": "sha1-7uJfVtscnsYIXgwid4CD9Zar+Sc="
    },
    "is-buffer": {
      "version": "1.1.6",
      "resolved": "https://repo.krproject.org/nexus/repository/npm-public/is-buffer/-/is-buffer-1.1.6.tgz",
      "integrity": "sha1-76ouqdqg16suoTqXsritUf776L4="
    },
    "is-ci": {
      "version": "1.2.1",
      "resolved": "https://repo.krproject.org/nexus/repository/npm-public/is-ci/-/is-ci-1.2.1.tgz",
      "integrity": "sha1-43ecjuF/zPQoSI9uKBGH8uYyhBw=",
      "requires": {
        "ci-info": "^1.5.0"
      }
    },
    "is-fullwidth-code-point": {
      "version": "2.0.0",
      "resolved": "https://repo.krproject.org/nexus/repository/npm-public/is-fullwidth-code-point/-/is-fullwidth-code-point-2.0.0.tgz",
      "integrity": "sha1-o7MKXE8ZkYMWeqq5O+764937ZU8="
    },
    "is-installed-globally": {
      "version": "0.1.0",
      "resolved": "https://repo.krproject.org/nexus/repository/npm-public/is-installed-globally/-/is-installed-globally-0.1.0.tgz",
      "integrity": "sha1-Df2Y9akRFxbdU13aZJL2e/PSWoA=",
      "requires": {
        "global-dirs": "^0.1.0",
        "is-path-inside": "^1.0.0"
      }
    },
    "is-npm": {
      "version": "1.0.0",
      "resolved": "https://repo.krproject.org/nexus/repository/npm-public/is-npm/-/is-npm-1.0.0.tgz",
      "integrity": "sha1-8vtjpl5JBbQGyGBydloaTceTufQ="
    },
    "is-obj": {
      "version": "1.0.1",
      "resolved": "https://repo.krproject.org/nexus/repository/npm-public/is-obj/-/is-obj-1.0.1.tgz",
      "integrity": "sha1-PkcprB9f3gJc19g6iW2rn09n2w8="
    },
    "is-path-inside": {
      "version": "1.0.1",
      "resolved": "https://repo.krproject.org/nexus/repository/npm-public/is-path-inside/-/is-path-inside-1.0.1.tgz",
      "integrity": "sha1-jvW33lBDej/cprToZe96pVy0gDY=",
      "requires": {
        "path-is-inside": "^1.0.1"
      }
    },
    "is-promise": {
      "version": "2.1.0",
      "resolved": "https://repo.krproject.org/nexus/repository/npm-public/is-promise/-/is-promise-2.1.0.tgz",
      "integrity": "sha1-eaKp7OfwlugPNtKy87wWwf9L8/o="
    },
    "is-redirect": {
      "version": "1.0.0",
      "resolved": "https://repo.krproject.org/nexus/repository/npm-public/is-redirect/-/is-redirect-1.0.0.tgz",
      "integrity": "sha1-HQPd7VO9jbDzDCbk+V02/HyH3CQ="
    },
    "is-retry-allowed": {
      "version": "1.1.0",
      "resolved": "https://repo.krproject.org/nexus/repository/npm-public/is-retry-allowed/-/is-retry-allowed-1.1.0.tgz",
      "integrity": "sha1-EaBgVotnM5REAz0BJaYaINVk+zQ="
    },
    "is-stream": {
      "version": "1.1.0",
      "resolved": "https://repo.krproject.org/nexus/repository/npm-public/is-stream/-/is-stream-1.1.0.tgz",
      "integrity": "sha1-EtSj3U5o4Lec6428hBc66A2RykQ="
    },
    "isexe": {
      "version": "2.0.0",
      "resolved": "https://repo.krproject.org/nexus/repository/npm-public/isexe/-/isexe-2.0.0.tgz",
      "integrity": "sha1-6PvzdNxVb/iUehDcsFctYz8s+hA="
    },
    "latest-version": {
      "version": "3.1.0",
      "resolved": "https://repo.krproject.org/nexus/repository/npm-public/latest-version/-/latest-version-3.1.0.tgz",
      "integrity": "sha1-ogU4P+oyKzO1rjsYq+4NwvNW7hU=",
      "requires": {
        "package-json": "^4.0.0"
      }
    },
    "lowercase-keys": {
      "version": "1.0.1",
      "resolved": "https://repo.krproject.org/nexus/repository/npm-public/lowercase-keys/-/lowercase-keys-1.0.1.tgz",
      "integrity": "sha1-b54wtHCE2XGnyCD/FabFFnt0wm8="
    },
    "lru-cache": {
      "version": "4.1.5",
      "resolved": "https://repo.krproject.org/nexus/repository/npm-public/lru-cache/-/lru-cache-4.1.5.tgz",
      "integrity": "sha1-i75Q6oW+1ZvJ4z3KuCNe6bz0Q80=",
      "requires": {
        "pseudomap": "^1.0.2",
        "yallist": "^2.1.2"
      }
    },
    "lru-queue": {
      "version": "0.1.0",
      "resolved": "https://repo.krproject.org/nexus/repository/npm-public/lru-queue/-/lru-queue-0.1.0.tgz",
      "integrity": "sha1-Jzi9nw089PhEkMVzbEhpmsYyzaM=",
      "requires": {
        "es5-ext": "~0.10.2"
      }
    },
    "make-dir": {
      "version": "1.3.0",
      "resolved": "https://repo.krproject.org/nexus/repository/npm-public/make-dir/-/make-dir-1.3.0.tgz",
      "integrity": "sha1-ecEDO4BRW9bSTsmTPoYMp17ifww=",
      "requires": {
        "pify": "^3.0.0"
      }
    },
    "memoizee": {
      "version": "0.4.14",
      "resolved": "https://repo.krproject.org/nexus/repository/npm-public/memoizee/-/memoizee-0.4.14.tgz",
      "integrity": "sha1-B6APIEaZ+alcLZ53IYJxx81hDVc=",
      "requires": {
        "d": "1",
        "es5-ext": "^0.10.45",
        "es6-weak-map": "^2.0.2",
        "event-emitter": "^0.3.5",
        "is-promise": "^2.1",
        "lru-queue": "0.1",
        "next-tick": "1",
        "timers-ext": "^0.1.5"
      }
    },
    "minimist": {
      "version": "1.2.0",
      "resolved": "https://repo.krproject.org/nexus/repository/npm-public/minimist/-/minimist-1.2.0.tgz",
      "integrity": "sha1-o1AIsg9BOD7sH7kU9M1d95omQoQ="
    },
    "ms": {
      "version": "2.0.0",
      "resolved": "https://repo.krproject.org/nexus/repository/npm-public/ms/-/ms-2.0.0.tgz",
      "integrity": "sha1-VgiurfwAvmwpAd9fmGF4jeDVl8g="
    },
    "next-tick": {
      "version": "1.0.0",
      "resolved": "https://repo.krproject.org/nexus/repository/npm-public/next-tick/-/next-tick-1.0.0.tgz",
      "integrity": "sha1-yobR/ogoFpsBICCOPchCS524NCw="
    },
    "npm-run-path": {
      "version": "2.0.2",
      "resolved": "https://repo.krproject.org/nexus/repository/npm-public/npm-run-path/-/npm-run-path-2.0.2.tgz",
      "integrity": "sha1-NakjLfo11wZ7TLLd8jV7GHFTbF8=",
      "requires": {
        "path-key": "^2.0.0"
      }
    },
    "p-finally": {
      "version": "1.0.0",
      "resolved": "https://repo.krproject.org/nexus/repository/npm-public/p-finally/-/p-finally-1.0.0.tgz",
      "integrity": "sha1-P7z7FbiZpEEjs0ttzBi3JDNqLK4="
    },
    "package-json": {
      "version": "4.0.1",
      "resolved": "https://repo.krproject.org/nexus/repository/npm-public/package-json/-/package-json-4.0.1.tgz",
      "integrity": "sha1-iGmgQBJTZhxMTKPabCEh7VVfXu0=",
      "requires": {
        "got": "^6.7.1",
        "registry-auth-token": "^3.0.1",
        "registry-url": "^3.0.3",
        "semver": "^5.1.0"
      }
    },
    "path-is-inside": {
      "version": "1.0.2",
      "resolved": "https://repo.krproject.org/nexus/repository/npm-public/path-is-inside/-/path-is-inside-1.0.2.tgz",
      "integrity": "sha1-NlQX3t5EQw0cEa9hAn+s8HS9/FM="
    },
    "path-key": {
      "version": "2.0.1",
      "resolved": "https://repo.krproject.org/nexus/repository/npm-public/path-key/-/path-key-2.0.1.tgz",
      "integrity": "sha1-QRyttXTFoUDTpLGRDUDYDMn0C0A="
    },
    "pify": {
      "version": "3.0.0",
      "resolved": "https://repo.krproject.org/nexus/repository/npm-public/pify/-/pify-3.0.0.tgz",
      "integrity": "sha1-5aSs0sEB/fPZpNB/DbxNtJ3SgXY="
    },
    "prepend-http": {
      "version": "1.0.4",
      "resolved": "https://repo.krproject.org/nexus/repository/npm-public/prepend-http/-/prepend-http-1.0.4.tgz",
      "integrity": "sha1-1PRWKwzjaW5BrFLQ4ALlemNdxtw="
    },
    "pseudomap": {
      "version": "1.0.2",
      "resolved": "https://repo.krproject.org/nexus/repository/npm-public/pseudomap/-/pseudomap-1.0.2.tgz",
      "integrity": "sha1-8FKijacOYYkX7wqKw0wa5aaChrM="
    },
    "qs": {
      "version": "6.6.0",
      "resolved": "https://repo.krproject.org/nexus/repository/npm-public/qs/-/qs-6.6.0.tgz",
      "integrity": "sha1-qZwPaajSa/fvAS+HHNq7Cu5EJMI=",
      "dev": true
    },
    "rc": {
      "version": "1.2.8",
      "resolved": "https://repo.krproject.org/nexus/repository/npm-public/rc/-/rc-1.2.8.tgz",
      "integrity": "sha1-zZJL9SAKB1uDwYjNa54hG3/A0+0=",
      "requires": {
        "deep-extend": "^0.6.0",
        "ini": "~1.3.0",
        "minimist": "^1.2.0",
        "strip-json-comments": "~2.0.1"
      }
    },
    "registry-auth-token": {
      "version": "3.3.2",
      "resolved": "https://repo.krproject.org/nexus/repository/npm-public/registry-auth-token/-/registry-auth-token-3.3.2.tgz",
      "integrity": "sha1-hR/UkDjuy1hpERFa+EUmDuyYPyA=",
      "requires": {
        "rc": "^1.1.6",
        "safe-buffer": "^5.0.1"
      }
    },
    "registry-url": {
      "version": "3.1.0",
      "resolved": "https://repo.krproject.org/nexus/repository/npm-public/registry-url/-/registry-url-3.1.0.tgz",
      "integrity": "sha1-PU74cPc93h138M+aOBQyRE4XSUI=",
      "requires": {
        "rc": "^1.0.1"
      }
    },
    "safe-buffer": {
      "version": "5.1.2",
      "resolved": "https://repo.krproject.org/nexus/repository/npm-public/safe-buffer/-/safe-buffer-5.1.2.tgz",
      "integrity": "sha1-mR7GnSluAxN0fVm9/St0XDX4go0="
    },
    "semver": {
      "version": "5.6.0",
      "resolved": "https://repo.krproject.org/nexus/repository/npm-public/semver/-/semver-5.6.0.tgz",
      "integrity": "sha1-fnQlb7qknHWqfHogXMInmcrIAAQ="
    },
    "semver-diff": {
      "version": "2.1.0",
      "resolved": "https://repo.krproject.org/nexus/repository/npm-public/semver-diff/-/semver-diff-2.1.0.tgz",
      "integrity": "sha1-S7uEN8jTfksM8aaP1ybsbWRdbTY=",
      "requires": {
        "semver": "^5.0.3"
      }
    },
    "shebang-command": {
      "version": "1.2.0",
      "resolved": "https://repo.krproject.org/nexus/repository/npm-public/shebang-command/-/shebang-command-1.2.0.tgz",
      "integrity": "sha1-RKrGW2lbAzmJaMOfNj/uXer98eo=",
      "requires": {
        "shebang-regex": "^1.0.0"
      }
    },
    "shebang-regex": {
      "version": "1.0.0",
      "resolved": "https://repo.krproject.org/nexus/repository/npm-public/shebang-regex/-/shebang-regex-1.0.0.tgz",
      "integrity": "sha1-2kL0l0DAtC2yypcoVxyxkMmO/qM="
    },
    "signal-exit": {
      "version": "3.0.2",
      "resolved": "https://repo.krproject.org/nexus/repository/npm-public/signal-exit/-/signal-exit-3.0.2.tgz",
      "integrity": "sha1-tf3AjxKH6hF4Yo5BXiUTK3NkbG0="
    },
    "string-width": {
      "version": "2.1.1",
      "resolved": "https://repo.krproject.org/nexus/repository/npm-public/string-width/-/string-width-2.1.1.tgz",
      "integrity": "sha1-q5Pyeo3BPSjKyBXEYhQ6bZASrp4=",
      "requires": {
        "is-fullwidth-code-point": "^2.0.0",
        "strip-ansi": "^4.0.0"
      }
    },
    "strip-ansi": {
      "version": "4.0.0",
      "resolved": "https://repo.krproject.org/nexus/repository/npm-public/strip-ansi/-/strip-ansi-4.0.0.tgz",
      "integrity": "sha1-qEeQIusaw2iocTibY1JixQXuNo8=",
      "requires": {
        "ansi-regex": "^3.0.0"
      },
      "dependencies": {
        "ansi-regex": {
          "version": "3.0.0",
          "resolved": "https://repo.krproject.org/nexus/repository/npm-public/ansi-regex/-/ansi-regex-3.0.0.tgz",
          "integrity": "sha1-7QMXwyIGT3lGbAKWa922Bas32Zg="
        }
      }
    },
    "strip-eof": {
      "version": "1.0.0",
      "resolved": "https://repo.krproject.org/nexus/repository/npm-public/strip-eof/-/strip-eof-1.0.0.tgz",
      "integrity": "sha1-u0P/VZim6wXYm1n80SnJgzE2Br8="
    },
    "strip-json-comments": {
      "version": "2.0.1",
      "resolved": "https://repo.krproject.org/nexus/repository/npm-public/strip-json-comments/-/strip-json-comments-2.0.1.tgz",
      "integrity": "sha1-PFMZQukIwml8DsNEhYwobHygpgo="
    },
    "supports-color": {
      "version": "5.5.0",
      "resolved": "https://repo.krproject.org/nexus/repository/npm-public/supports-color/-/supports-color-5.5.0.tgz",
      "integrity": "sha1-4uaaRKyHcveKHsCzW2id9lMO/I8=",
      "requires": {
        "has-flag": "^3.0.0"
      }
    },
    "term-size": {
      "version": "1.2.0",
      "resolved": "https://repo.krproject.org/nexus/repository/npm-public/term-size/-/term-size-1.2.0.tgz",
      "integrity": "sha1-RYuDiH8oj8Vtb/+/rSYuJmOO+mk=",
      "requires": {
        "execa": "^0.7.0"
      }
    },
    "timed-out": {
      "version": "4.0.1",
      "resolved": "https://repo.krproject.org/nexus/repository/npm-public/timed-out/-/timed-out-4.0.1.tgz",
      "integrity": "sha1-8y6srFoXW+ol1/q1Zas+2HQe9W8="
    },
    "timers-ext": {
      "version": "0.1.7",
      "resolved": "https://repo.krproject.org/nexus/repository/npm-public/timers-ext/-/timers-ext-0.1.7.tgz",
      "integrity": "sha1-b1ethXjgej+5+R2Th9ZWR1VeJcY=",
      "requires": {
        "es5-ext": "~0.10.46",
        "next-tick": "1"
      }
    },
    "unique-string": {
      "version": "1.0.0",
      "resolved": "https://repo.krproject.org/nexus/repository/npm-public/unique-string/-/unique-string-1.0.0.tgz",
      "integrity": "sha1-nhBXzKhRq7kzmPizOuGHuZyuwRo=",
      "requires": {
        "crypto-random-string": "^1.0.0"
      }
    },
    "universal-diff": {
      "version": "2.0.2",
      "resolved": "https://repo.krproject.org/nexus/repository/npm-public/universal-diff/-/universal-diff-2.0.2.tgz",
      "integrity": "sha1-0Ud/U7MUYT1oNXFnRs9OwRMSeh4="
    },
    "unzip-response": {
      "version": "2.0.1",
      "resolved": "https://repo.krproject.org/nexus/repository/npm-public/unzip-response/-/unzip-response-2.0.1.tgz",
      "integrity": "sha1-0vD3N9FrBhXnKmk17QQhRXLVb5c="
    },
    "update-notifier": {
      "version": "2.5.0",
      "resolved": "https://repo.krproject.org/nexus/repository/npm-public/update-notifier/-/update-notifier-2.5.0.tgz",
      "integrity": "sha1-0HRFk+E/Fh5AassdlAi3LK0Ir/Y=",
      "requires": {
        "boxen": "^1.2.1",
        "chalk": "^2.0.1",
        "configstore": "^3.0.0",
        "import-lazy": "^2.1.0",
        "is-ci": "^1.0.10",
        "is-installed-globally": "^0.1.0",
        "is-npm": "^1.0.0",
        "latest-version": "^3.0.0",
        "semver-diff": "^2.0.0",
        "xdg-basedir": "^3.0.0"
      }
    },
    "url-parse-lax": {
      "version": "1.0.0",
      "resolved": "https://repo.krproject.org/nexus/repository/npm-public/url-parse-lax/-/url-parse-lax-1.0.0.tgz",
      "integrity": "sha1-evjzA2Rem9eaJy56FKxovAYJ2nM=",
      "requires": {
        "prepend-http": "^1.0.1"
      }
    },
    "which": {
      "version": "1.3.1",
      "resolved": "https://repo.krproject.org/nexus/repository/npm-public/which/-/which-1.3.1.tgz",
      "integrity": "sha1-pFBD1U9YBTFtqNYvn1CRjT2nCwo=",
      "requires": {
        "isexe": "^2.0.0"
      }
    },
    "widest-line": {
      "version": "2.0.1",
      "resolved": "https://repo.krproject.org/nexus/repository/npm-public/widest-line/-/widest-line-2.0.1.tgz",
      "integrity": "sha1-dDh2RzDsfvQ4HOTfgvuYpTFCo/w=",
      "requires": {
        "string-width": "^2.1.1"
      }
    },
    "write-file-atomic": {
      "version": "2.3.0",
      "resolved": "https://repo.krproject.org/nexus/repository/npm-public/write-file-atomic/-/write-file-atomic-2.3.0.tgz",
      "integrity": "sha1-H/YVdcLipOjlENb6TiQ8zhg5mas=",
      "requires": {
        "graceful-fs": "^4.1.11",
        "imurmurhash": "^0.1.4",
        "signal-exit": "^3.0.2"
      }
    },
    "xdg-basedir": {
      "version": "3.0.0",
      "resolved": "https://repo.krproject.org/nexus/repository/npm-public/xdg-basedir/-/xdg-basedir-3.0.0.tgz",
      "integrity": "sha1-SWsswQnsqNus/i3HK2A8F8WHCtQ="
    },
    "yallist": {
      "version": "2.1.2",
      "resolved": "https://repo.krproject.org/nexus/repository/npm-public/yallist/-/yallist-2.1.2.tgz",
      "integrity": "sha1-HBH5IY8HYImkfdUS+TxmmaaoHVI="
    }
  }
}
